// !$*UTF8*$!
{
	archiveVersion = 1;
	classes = {
	};
	objectVersion = 46;
	objects = {

/* Begin PBXBuildFile section */
		A7C791DB13D2F78900C84F24 /* UIKit.framework in Frameworks */ = {isa = PBXBuildFile; fileRef = A7C791DA13D2F78900C84F24 /* UIKit.framework */; };
		A7C791DD13D2F78900C84F24 /* Foundation.framework in Frameworks */ = {isa = PBXBuildFile; fileRef = A7C791DC13D2F78900C84F24 /* Foundation.framework */; };
		A7C791DF13D2F78900C84F24 /* CoreGraphics.framework in Frameworks */ = {isa = PBXBuildFile; fileRef = A7C791DE13D2F78900C84F24 /* CoreGraphics.framework */; };
		A7C791E513D2F78900C84F24 /* InfoPlist.strings in Resources */ = {isa = PBXBuildFile; fileRef = A7C791E313D2F78900C84F24 /* InfoPlist.strings */; };
		A7C791E813D2F78900C84F24 /* main.m in Sources */ = {isa = PBXBuildFile; fileRef = A7C791E713D2F78900C84F24 /* main.m */; };
		A7C791EB13D2F78900C84F24 /* RtbIOSDemoAppDelegate.m in Sources */ = {isa = PBXBuildFile; fileRef = A7C791EA13D2F78900C84F24 /* RtbIOSDemoAppDelegate.m */; };
		A7C791EE13D2F78900C84F24 /* MainWindow.xib in Resources */ = {isa = PBXBuildFile; fileRef = A7C791EC13D2F78900C84F24 /* MainWindow.xib */; };
/* End PBXBuildFile section */

/* Begin PBXFileReference section */
		A7C791D613D2F78900C84F24 /* RtbIOSDemo.app */ = {isa = PBXFileReference; explicitFileType = wrapper.application; includeInIndex = 0; path = RtbIOSDemo.app; sourceTree = BUILT_PRODUCTS_DIR; };
		A7C791DA13D2F78900C84F24 /* UIKit.framework */ = {isa = PBXFileReference; lastKnownFileType = wrapper.framework; name = UIKit.framework; path = System/Library/Frameworks/UIKit.framework; sourceTree = SDKROOT; };
		A7C791DC13D2F78900C84F24 /* Foundation.framework */ = {isa = PBXFileReference; lastKnownFileType = wrapper.framework; name = Foundation.framework; path = System/Library/Frameworks/Foundation.framework; sourceTree = SDKROOT; };
		A7C791DE13D2F78900C84F24 /* CoreGraphics.framework */ = {isa = PBXFileReference; lastKnownFileType = wrapper.framework; name = CoreGraphics.framework; path = System/Library/Frameworks/CoreGraphics.framework; sourceTree = SDKROOT; };
		A7C791E213D2F78900C84F24 /* RtbIOSDemo-Info.plist */ = {isa = PBXFileReference; lastKnownFileType = text.plist.xml; path = "RtbIOSDemo-Info.plist"; sourceTree = "<group>"; };
		A7C791E413D2F78900C84F24 /* en */ = {isa = PBXFileReference; lastKnownFileType = text.plist.strings; name = en; path = en.lproj/InfoPlist.strings; sourceTree = "<group>"; };
		A7C791E613D2F78900C84F24 /* RtbIOSDemo-Prefix.pch */ = {isa = PBXFileReference; lastKnownFileType = sourcecode.c.h; path = "RtbIOSDemo-Prefix.pch"; sourceTree = "<group>"; };
		A7C791E713D2F78900C84F24 /* main.m */ = {isa = PBXFileReference; lastKnownFileType = sourcecode.c.objc; path = main.m; sourceTree = "<group>"; };
		A7C791E913D2F78900C84F24 /* RtbIOSDemoAppDelegate.h */ = {isa = PBXFileReference; lastKnownFileType = sourcecode.c.h; path = RtbIOSDemoAppDelegate.h; sourceTree = "<group>"; };
		A7C791EA13D2F78900C84F24 /* RtbIOSDemoAppDelegate.m */ = {isa = PBXFileReference; lastKnownFileType = sourcecode.c.objc; path = RtbIOSDemoAppDelegate.m; sourceTree = "<group>"; };
		A7C791ED13D2F78900C84F24 /* en */ = {isa = PBXFileReference; lastKnownFileType = file.xib; name = en; path = en.lproj/MainWindow.xib; sourceTree = "<group>"; };
		A7C791F413D2F7BE00C84F24 /* test.png.h */ = {isa = PBXFileReference; fileEncoding = 4; lastKnownFileType = sourcecode.c.h; path = test.png.h; sourceTree = "<group>"; };
/* End PBXFileReference section */

/* Begin PBXFrameworksBuildPhase section */
		A7C791D313D2F78800C84F24 /* Frameworks */ = {
			isa = PBXFrameworksBuildPhase;
			buildActionMask = 2147483647;
			files = (
				A7C791DB13D2F78900C84F24 /* UIKit.framework in Frameworks */,
				A7C791DD13D2F78900C84F24 /* Foundation.framework in Frameworks */,
				A7C791DF13D2F78900C84F24 /* CoreGraphics.framework in Frameworks */,
			);
			runOnlyForDeploymentPostprocessing = 0;
		};
/* End PBXFrameworksBuildPhase section */

/* Begin PBXGroup section */
		A7C791CB13D2F78800C84F24 = {
			isa = PBXGroup;
			children = (
				A7C791F413D2F7BE00C84F24 /* test.png.h */,
				A7C791E013D2F78900C84F24 /* RtbIOSDemo */,
				A7C791D913D2F78900C84F24 /* Frameworks */,
				A7C791D713D2F78900C84F24 /* Products */,
			);
			sourceTree = "<group>";
		};
		A7C791D713D2F78900C84F24 /* Products */ = {
			isa = PBXGroup;
			children = (
				A7C791D613D2F78900C84F24 /* RtbIOSDemo.app */,
			);
			name = Products;
			sourceTree = "<group>";
		};
		A7C791D913D2F78900C84F24 /* Frameworks */ = {
			isa = PBXGroup;
			children = (
				A7C791DA13D2F78900C84F24 /* UIKit.framework */,
				A7C791DC13D2F78900C84F24 /* Foundation.framework */,
				A7C791DE13D2F78900C84F24 /* CoreGraphics.framework */,
			);
			name = Frameworks;
			sourceTree = "<group>";
		};
		A7C791E013D2F78900C84F24 /* RtbIOSDemo */ = {
			isa = PBXGroup;
			children = (
				A7C791E913D2F78900C84F24 /* RtbIOSDemoAppDelegate.h */,
				A7C791EA13D2F78900C84F24 /* RtbIOSDemoAppDelegate.m */,
				A7C791EC13D2F78900C84F24 /* MainWindow.xib */,
				A7C791E113D2F78900C84F24 /* Supporting Files */,
			);
			path = RtbIOSDemo;
			sourceTree = "<group>";
		};
		A7C791E113D2F78900C84F24 /* Supporting Files */ = {
			isa = PBXGroup;
			children = (
				A7C791E213D2F78900C84F24 /* RtbIOSDemo-Info.plist */,
				A7C791E313D2F78900C84F24 /* InfoPlist.strings */,
				A7C791E613D2F78900C84F24 /* RtbIOSDemo-Prefix.pch */,
				A7C791E713D2F78900C84F24 /* main.m */,
			);
			name = "Supporting Files";
			sourceTree = "<group>";
		};
/* End PBXGroup section */

/* Begin PBXNativeTarget section */
		A7C791D513D2F78800C84F24 /* RtbIOSDemo */ = {
			isa = PBXNativeTarget;
			buildConfigurationList = A7C791F113D2F78900C84F24 /* Build configuration list for PBXNativeTarget "RtbIOSDemo" */;
			buildPhases = (
				A7C791D213D2F78800C84F24 /* Sources */,
				A7C791D313D2F78800C84F24 /* Frameworks */,
				A7C791D413D2F78800C84F24 /* Resources */,
			);
			buildRules = (
			);
			dependencies = (
			);
			name = RtbIOSDemo;
			productName = RtbIOSDemo;
			productReference = A7C791D613D2F78900C84F24 /* RtbIOSDemo.app */;
			productType = "com.apple.product-type.application";
		};
/* End PBXNativeTarget section */

/* Begin PBXProject section */
		A7C791CD13D2F78800C84F24 /* Project object */ = {
			isa = PBXProject;
			attributes = {
				ORGANIZATIONNAME = "http://elfsundae.co.cc ";
			};
			buildConfigurationList = A7C791D013D2F78800C84F24 /* Build configuration list for PBXProject "RtbIOSDemo" */;
			compatibilityVersion = "Xcode 3.2";
			developmentRegion = English;
			hasScannedForEncodings = 0;
			knownRegions = (
				en,
			);
			mainGroup = A7C791CB13D2F78800C84F24;
			productRefGroup = A7C791D713D2F78900C84F24 /* Products */;
			projectDirPath = "";
			projectRoot = "";
			targets = (
				A7C791D513D2F78800C84F24 /* RtbIOSDemo */,
			);
		};
/* End PBXProject section */

/* Begin PBXResourcesBuildPhase section */
		A7C791D413D2F78800C84F24 /* Resources */ = {
			isa = PBXResourcesBuildPhase;
			buildActionMask = 2147483647;
			files = (
				A7C791E513D2F78900C84F24 /* InfoPlist.strings in Resources */,
				A7C791EE13D2F78900C84F24 /* MainWindow.xib in Resources */,
			);
			runOnlyForDeploymentPostprocessing = 0;
		};
/* End PBXResourcesBuildPhase section */

/* Begin PBXSourcesBuildPhase section */
		A7C791D213D2F78800C84F24 /* Sources */ = {
			isa = PBXSourcesBuildPhase;
			buildActionMask = 2147483647;
			files = (
				A7C791E813D2F78900C84F24 /* main.m in Sources */,
				A7C791EB13D2F78900C84F24 /* RtbIOSDemoAppDelegate.m in Sources */,
			);
			runOnlyForDeploymentPostprocessing = 0;
		};
/* End PBXSourcesBuildPhase section */

/* Begin PBXVariantGroup section */
		A7C791E313D2F78900C84F24 /* InfoPlist.strings */ = {
			isa = PBXVariantGroup;
			children = (
				A7C791E413D2F78900C84F24 /* en */,
			);
			name = InfoPlist.strings;
			sourceTree = "<group>";
		};
		A7C791EC13D2F78900C84F24 /* MainWindow.xib */ = {
			isa = PBXVariantGroup;
			children = (
				A7C791ED13D2F78900C84F24 /* en */,
			);
			name = MainWindow.xib;
			sourceTree = "<group>";
		};
/* End PBXVariantGroup section */

/* Begin XCBuildConfiguration section */
		A7C791EF13D2F78900C84F24 /* Debug */ = {
			isa = XCBuildConfiguration;
			buildSettings = {
				ARCHS = "$(ARCHS_STANDARD_32_BIT)";
				"CODE_SIGN_IDENTITY[sdk=iphoneos*]" = "iPhone Developer";
				GCC_C_LANGUAGE_STANDARD = gnu99;
				GCC_OPTIMIZATION_LEVEL = 0;
				GCC_PREPROCESSOR_DEFINITIONS = DEBUG;
				GCC_SYMBOLS_PRIVATE_EXTERN = NO;
				GCC_VERSION = com.apple.compilers.llvmgcc42;
				GCC_WARN_ABOUT_RETURN_TYPE = YES;
				GCC_WARN_UNUSED_VARIABLE = YES;
				IPHONEOS_DEPLOYMENT_TARGET = 3.2;
				SDKROOT = iphoneos;
			};
			name = Debug;
		};
		A7C791F013D2F78900C84F24 /* Release */ = {
			isa = XCBuildConfiguration;
			buildSettings = {
				ARCHS = "$(ARCHS_STANDARD_32_BIT)";
				"CODE_SIGN_IDENTITY[sdk=iphoneos*]" = "iPhone Developer";
				GCC_C_LANGUAGE_STANDARD = gnu99;
				GCC_VERSION = com.apple.compilers.llvmgcc42;
				GCC_WARN_ABOUT_RETURN_TYPE = YES;
				GCC_WARN_UNUSED_VARIABLE = YES;
				IPHONEOS_DEPLOYMENT_TARGET = 3.2;
				OTHER_CFLAGS = "-DNS_BLOCK_ASSERTIONS=1";
				SDKROOT = iphoneos;
			};
			name = Release;
		};
		A7C791F213D2F78900C84F24 /* Debug */ = {
			isa = XCBuildConfiguration;
			buildSettings = {
				ALWAYS_SEARCH_USER_PATHS = NO;
				COPY_PHASE_STRIP = NO;
				GCC_DYNAMIC_NO_PIC = NO;
				GCC_PRECOMPILE_PREFIX_HEADER = YES;
				GCC_PREFIX_HEADER = "RtbIOSDemo/RtbIOSDemo-Prefix.pch";
				INFOPLIST_FILE = "RtbIOSDemo/RtbIOSDemo-Info.plist";
				PRODUCT_NAME = "$(TARGET_NAME)";
				WRAPPER_EXTENSION = app;
			};
			name = Debug;
		};
		A7C791F313D2F78900C84F24 /* Release */ = {
			isa = XCBuildConfiguration;
			buildSettings = {
				ALWAYS_SEARCH_USER_PATHS = NO;
				COPY_PHASE_STRIP = YES;
				GCC_PRECOMPILE_PREFIX_HEADER = YES;
				GCC_PREFIX_HEADER = "RtbIOSDemo/RtbIOSDemo-Prefix.pch";
				INFOPLIST_FILE = "RtbIOSDemo/RtbIOSDemo-Info.plist";
				PRODUCT_NAME = "$(TARGET_NAME)";
				VALIDATE_PRODUCT = YES;
				WRAPPER_EXTENSION = app;
			};
			name = Release;
		};
/* End XCBuildConfiguration section */

/* Begin XCConfigurationList section */
		A7C791D013D2F78800C84F24 /* Build configuration list for PBXProject "RtbIOSDemo" */ = {
			isa = XCConfigurationList;
			buildConfigurations = (
				A7C791EF13D2F78900C84F24 /* Debug */,
				A7C791F013D2F78900C84F24 /* Release */,
			);
			defaultConfigurationIsVisible = 0;
			defaultConfigurationName = Release;
		};
		A7C791F113D2F78900C84F24 /* Build configuration list for PBXNativeTarget "RtbIOSDemo" */ = {
			isa = XCConfigurationList;
			buildConfigurations = (
				A7C791F213D2F78900C84F24 /* Debug */,
				A7C791F313D2F78900C84F24 /* Release */,
			);
			defaultConfigurationIsVisible = 0;
			defaultConfigurationName = Release;
		};
/* End XCConfigurationList section */
	};
	rootObject = A7C791CD13D2F78800C84F24 /* Project object */;
}
