// !$*UTF8*$!
{
	archiveVersion = 1;
	classes = {
	};
	objectVersion = 46;
	objects = {

/* Begin PBXBuildFile section */
		E7887EDF15430ED300287C5B /* main.c in Sources */ = {isa = PBXBuildFile; fileRef = E7887EDE15430ED300287C5B /* main.c */; };
		E7887EE115430ED300287C5B /* rtb.1 in CopyFiles */ = {isa = PBXBuildFile; fileRef = E7887EE015430ED300287C5B /* rtb.1 */; };
/* End PBXBuildFile section */

/* Begin PBXCopyFilesBuildPhase section */
		E7887ED815430ED300287C5B /* CopyFiles */ = {
			isa = PBXCopyFilesBuildPhase;
			buildActionMask = 2147483647;
			dstPath = /usr/share/man/man1/;
			dstSubfolderSpec = 0;
			files = (
				E7887EE115430ED300287C5B /* rtb.1 in CopyFiles */,
			);
			runOnlyForDeploymentPostprocessing = 1;
		};
/* End PBXCopyFilesBuildPhase section */

/* Begin PBXFileReference section */
		E7887EDA15430ED300287C5B /* rtb */ = {isa = PBXFileReference; explicitFileType = "compiled.mach-o.executable"; includeInIndex = 0; path = rtb; sourceTree = BUILT_PRODUCTS_DIR; };
		E7887EDE15430ED300287C5B /* main.c */ = {isa = PBXFileReference; lastKnownFileType = sourcecode.c.c; path = main.c; sourceTree = "<group>"; };
		E7887EE015430ED300287C5B /* rtb.1 */ = {isa = PBXFileReference; lastKnownFileType = text.man; path = rtb.1; sourceTree = "<group>"; };
/* End PBXFileReference section */

/* Begin PBXFrameworksBuildPhase section */
		E7887ED715430ED300287C5B /* Frameworks */ = {
			isa = PBXFrameworksBuildPhase;
			buildActionMask = 2147483647;
			files = (
			);
			runOnlyForDeploymentPostprocessing = 0;
		};
/* End PBXFrameworksBuildPhase section */

/* Begin PBXGroup section */
		E7887ECF15430ED300287C5B = {
			isa = PBXGroup;
			children = (
				E7887EDD15430ED300287C5B /* rtb */,
				E7887EDB15430ED300287C5B /* Products */,
			);
			sourceTree = "<group>";
		};
		E7887EDB15430ED300287C5B /* Products */ = {
			isa = PBXGroup;
			children = (
				E7887EDA15430ED300287C5B /* rtb */,
			);
			name = Products;
			sourceTree = "<group>";
		};
		E7887EDD15430ED300287C5B /* rtb */ = {
			isa = PBXGroup;
			children = (
				E7887EDE15430ED300287C5B /* main.c */,
				E7887EE015430ED300287C5B /* rtb.1 */,
			);
			path = rtb;
			sourceTree = "<group>";
		};
/* End PBXGroup section */

/* Begin PBXNativeTarget section */
		E7887ED915430ED300287C5B /* rtb */ = {
			isa = PBXNativeTarget;
			buildConfigurationList = E7887EE415430ED300287C5B /* Build configuration list for PBXNativeTarget "rtb" */;
			buildPhases = (
				E7887ED615430ED300287C5B /* Sources */,
				E7887ED715430ED300287C5B /* Frameworks */,
				E7887ED815430ED300287C5B /* CopyFiles */,
			);
			buildRules = (
			);
			dependencies = (
			);
			name = rtb;
			productName = rtb;
			productReference = E7887EDA15430ED300287C5B /* rtb */;
			productType = "com.apple.product-type.tool";
		};
/* End PBXNativeTarget section */

/* Begin PBXProject section */
		E7887ED115430ED300287C5B /* Project object */ = {
			isa = PBXProject;
			attributes = {
				LastUpgradeCheck = 0430;
				ORGANIZATIONNAME = www.0x123.com;
			};
			buildConfigurationList = E7887ED415430ED300287C5B /* Build configuration list for PBXProject "rtb" */;
			compatibilityVersion = "Xcode 3.2";
			developmentRegion = English;
			hasScannedForEncodings = 0;
			knownRegions = (
				en,
			);
			mainGroup = E7887ECF15430ED300287C5B;
			productRefGroup = E7887EDB15430ED300287C5B /* Products */;
			projectDirPath = "";
			projectRoot = "";
			targets = (
				E7887ED915430ED300287C5B /* rtb */,
			);
		};
/* End PBXProject section */

/* Begin PBXSourcesBuildPhase section */
		E7887ED615430ED300287C5B /* Sources */ = {
			isa = PBXSourcesBuildPhase;
			buildActionMask = 2147483647;
			files = (
				E7887EDF15430ED300287C5B /* main.c in Sources */,
			);
			runOnlyForDeploymentPostprocessing = 0;
		};
/* End PBXSourcesBuildPhase section */

/* Begin XCBuildConfiguration section */
		E7887EE215430ED300287C5B /* Debug */ = {
			isa = XCBuildConfiguration;
			buildSettings = {
				ALWAYS_SEARCH_USER_PATHS = NO;
				ARCHS = "$(ARCHS_STANDARD_64_BIT)";
				COPY_PHASE_STRIP = NO;
				GCC_C_LANGUAGE_STANDARD = gnu99;
				GCC_DYNAMIC_NO_PIC = NO;
				GCC_ENABLE_OBJC_EXCEPTIONS = YES;
				GCC_OPTIMIZATION_LEVEL = 0;
				GCC_PREPROCESSOR_DEFINITIONS = (
					"DEBUG=1",
					"$(inherited)",
				);
				GCC_SYMBOLS_PRIVATE_EXTERN = NO;
				GCC_VERSION = com.apple.compilers.llvm.clang.1_0;
				GCC_WARN_64_TO_32_BIT_CONVERSION = YES;
				GCC_WARN_ABOUT_RETURN_TYPE = YES;
				GCC_WARN_UNINITIALIZED_AUTOS = YES;
				GCC_WARN_UNUSED_VARIABLE = YES;
				MACOSX_DEPLOYMENT_TARGET = 10.7;
				ONLY_ACTIVE_ARCH = YES;
				SDKROOT = macosx;
			};
			name = Debug;
		};
		E7887EE315430ED300287C5B /* Release */ = {
			isa = XCBuildConfiguration;
			buildSettings = {
				ALWAYS_SEARCH_USER_PATHS = NO;
				ARCHS = "$(ARCHS_STANDARD_64_BIT)";
				COPY_PHASE_STRIP = YES;
				DEBUG_INFORMATION_FORMAT = "dwarf-with-dsym";
				GCC_C_LANGUAGE_STANDARD = gnu99;
				GCC_ENABLE_OBJC_EXCEPTIONS = YES;
				GCC_VERSION = com.apple.compilers.llvm.clang.1_0;
				GCC_WARN_64_TO_32_BIT_CONVERSION = YES;
				GCC_WARN_ABOUT_RETURN_TYPE = YES;
				GCC_WARN_UNINITIALIZED_AUTOS = YES;
				GCC_WARN_UNUSED_VARIABLE = YES;
				MACOSX_DEPLOYMENT_TARGET = 10.7;
				SDKROOT = macosx;
			};
			name = Release;
		};
		E7887EE515430ED300287C5B /* Debug */ = {
			isa = XCBuildConfiguration;
			buildSettings = {
				PRODUCT_NAME = "$(TARGET_NAME)";
			};
			name = Debug;
		};
		E7887EE615430ED300287C5B /* Release */ = {
			isa = XCBuildConfiguration;
			buildSettings = {
				PRODUCT_NAME = "$(TARGET_NAME)";
			};
			name = Release;
		};
/* End XCBuildConfiguration section */

/* Begin XCConfigurationList section */
		E7887ED415430ED300287C5B /* Build configuration list for PBXProject "rtb" */ = {
			isa = XCConfigurationList;
			buildConfigurations = (
				E7887EE215430ED300287C5B /* Debug */,
				E7887EE315430ED300287C5B /* Release */,
			);
			defaultConfigurationIsVisible = 0;
			defaultConfigurationName = Release;
		};
		E7887EE415430ED300287C5B /* Build configuration list for PBXNativeTarget "rtb" */ = {
			isa = XCConfigurationList;
			buildConfigurations = (
				E7887EE515430ED300287C5B /* Debug */,
				E7887EE615430ED300287C5B /* Release */,
			);
			defaultConfigurationIsVisible = 0;
		};
/* End XCConfigurationList section */
	};
	rootObject = E7887ED115430ED300287C5B /* Project object */;
}
